
Microsoft Visual Studio Solution File, Format Version 12.00
# Visual Studio Version 16
VisualStudioVersion = 16.0.30320.27
MinimumVisualStudioVersion = 10.0.40219.1
Project("{FAE04EC0-301F-11D3-BF4B-00C04F79EFBC}") = "AlpineSkiHouse", "AlpineSkiHouse\AlpineSkiHouse.csproj", "{AD0DB89B-7AC4-4D8C-8D91-1128C5E36306}"
EndProject
Global
	GlobalSection(SolutionConfigurationPlatforms) = preSolution
		Debug|Any CPU = Debug|Any CPU
		Release|Any CPU = Release|Any CPU
	EndGlobalSection
	GlobalSection(ProjectConfigurationPlatforms) = postSolution
		{AD0DB89B-7AC4-4D8C-8D91-1128C5E36306}.Debug|Any CPU.ActiveCfg = Debug|Any CPU
		{AD0DB89B-7AC4-4D8C-8D91-1128C5E36306}.Debug|Any CPU.Build.0 = Debug|Any CPU
		{AD0DB89B-7AC4-4D8C-8D91-1128C5E36306}.Release|Any CPU.ActiveCfg = Release|Any CPU
		{AD0DB89B-7AC4-4D8C-8D91-1128C5E36306}.Release|Any CPU.Build.0 = Release|Any CPU
	EndGlobalSection
	GlobalSection(SolutionProperties) = preSolution
		HideSolutionNode = FALSE
	EndGlobalSection
	GlobalSection(ExtensibilityGlobals) = postSolution
		SolutionGuid = {5D25C0DC-71FB-407D-9916-4631BD89FC54}
	EndGlobalSection
EndGlobal
